// !$*UTF8*$!
{
	archiveVersion = 1;
	classes = {
	};
	objectVersion = 46;
	objects = {

/* Begin PBXBuildFile section */
		B803BB8118BBFE8A00004D1D /* Items.m in Sources */ = {isa = PBXBuildFile; fileRef = B803BB8018BBFE8A00004D1D /* Items.m */; };
		B828F94E18B842DF002CE947 /* Foundation.framework in Frameworks */ = {isa = PBXBuildFile; fileRef = B828F94D18B842DF002CE947 /* Foundation.framework */; };
		B828F95018B842E0002CE947 /* CoreGraphics.framework in Frameworks */ = {isa = PBXBuildFile; fileRef = B828F94F18B842E0002CE947 /* CoreGraphics.framework */; };
		B828F95218B842E0002CE947 /* UIKit.framework in Frameworks */ = {isa = PBXBuildFile; fileRef = B828F95118B842E0002CE947 /* UIKit.framework */; };
		B828F95418B842E0002CE947 /* CoreData.framework in Frameworks */ = {isa = PBXBuildFile; fileRef = B828F95318B842E0002CE947 /* CoreData.framework */; };
		B828F95A18B842E0002CE947 /* InfoPlist.strings in Resources */ = {isa = PBXBuildFile; fileRef = B828F95818B842E0002CE947 /* InfoPlist.strings */; };
		B828F95C18B842E0002CE947 /* main.m in Sources */ = {isa = PBXBuildFile; fileRef = B828F95B18B842E0002CE947 /* main.m */; };
		B828F96018B842E0002CE947 /* AppDelegate.m in Sources */ = {isa = PBXBuildFile; fileRef = B828F95F18B842E0002CE947 /* AppDelegate.m */; };
		B828F96318B842E0002CE947 /* My_Treasure_Vault.xcdatamodeld in Sources */ = {isa = PBXBuildFile; fileRef = B828F96118B842E0002CE947 /* My_Treasure_Vault.xcdatamodeld */; };
		B828F96518B842E0002CE947 /* Images.xcassets in Resources */ = {isa = PBXBuildFile; fileRef = B828F96418B842E0002CE947 /* Images.xcassets */; };
		B828F96C18B842E0002CE947 /* XCTest.framework in Frameworks */ = {isa = PBXBuildFile; fileRef = B828F96B18B842E0002CE947 /* XCTest.framework */; };
		B828F96D18B842E0002CE947 /* Foundation.framework in Frameworks */ = {isa = PBXBuildFile; fileRef = B828F94D18B842DF002CE947 /* Foundation.framework */; };
		B828F96E18B842E0002CE947 /* UIKit.framework in Frameworks */ = {isa = PBXBuildFile; fileRef = B828F95118B842E0002CE947 /* UIKit.framework */; };
		B828F96F18B842E0002CE947 /* CoreData.framework in Frameworks */ = {isa = PBXBuildFile; fileRef = B828F95318B842E0002CE947 /* CoreData.framework */; };
		B828F97718B842E0002CE947 /* InfoPlist.strings in Resources */ = {isa = PBXBuildFile; fileRef = B828F97518B842E0002CE947 /* InfoPlist.strings */; };
		B828F97918B842E0002CE947 /* My_Treasure_VaultTests.m in Sources */ = {isa = PBXBuildFile; fileRef = B828F97818B842E0002CE947 /* My_Treasure_VaultTests.m */; };
		B828F98318B84329002CE947 /* Main_iPhone.storyboard in Resources */ = {isa = PBXBuildFile; fileRef = B828F98218B84329002CE947 /* Main_iPhone.storyboard */; };
		B828F98518B84342002CE947 /* Main_iPad.storyboard in Resources */ = {isa = PBXBuildFile; fileRef = B828F98418B84342002CE947 /* Main_iPad.storyboard */; };
		B82D1DA818BFB212002EE367 /* CustomPFSignUpViewController.m in Sources */ = {isa = PBXBuildFile; fileRef = B82D1DA718BFB212002EE367 /* CustomPFSignUpViewController.m */; };
		B82D1DAA18BFB6A5002EE367 /* SignUpFieldBG.png in Resources */ = {isa = PBXBuildFile; fileRef = B82D1DA918BFB6A5002EE367 /* SignUpFieldBG.png */; };
		B82D1DAC18BFB95A002EE367 /* mainBackground~iPad@2x.png in Resources */ = {isa = PBXBuildFile; fileRef = B82D1DAB18BFB95A002EE367 /* mainBackground~iPad@2x.png */; };
		B82D1DB018BFBD45002EE367 /* mainBackground~iPad.png in Resources */ = {isa = PBXBuildFile; fileRef = B82D1DAF18BFBD45002EE367 /* mainBackground~iPad.png */; };
		B82D1DB218BFBF65002EE367 /* loginBackground~iPad@2x.png in Resources */ = {isa = PBXBuildFile; fileRef = B82D1DB118BFBF65002EE367 /* loginBackground~iPad@2x.png */; };
		B82D1DB418BFC514002EE367 /* loginBackground-568h@2x.png in Resources */ = {isa = PBXBuildFile; fileRef = B82D1DB318BFC514002EE367 /* loginBackground-568h@2x.png */; };
		B879D39818BEB36400F27590 /* CustomPFLoginViewController.m in Sources */ = {isa = PBXBuildFile; fileRef = B879D39718BEB36400F27590 /* CustomPFLoginViewController.m */; };
		B879D39A18BED88E00F27590 /* LoginFieldBG.png in Resources */ = {isa = PBXBuildFile; fileRef = B879D39918BED88E00F27590 /* LoginFieldBG.png */; };
		B879D39E18BEEA0200F27590 /* logo.png in Resources */ = {isa = PBXBuildFile; fileRef = B879D39D18BEEA0200F27590 /* logo.png */; };
		B879D3A018BEF36D00F27590 /* loginBackground~iPad.png in Resources */ = {isa = PBXBuildFile; fileRef = B879D39F18BEF36D00F27590 /* loginBackground~iPad.png */; };
		B89578C818B843BD0062EB8F /* RecentViewController.m in Sources */ = {isa = PBXBuildFile; fileRef = B89578C718B843BD0062EB8F /* RecentViewController.m */; };
		B89578CB18B844450062EB8F /* AllItemsViewController.m in Sources */ = {isa = PBXBuildFile; fileRef = B89578CA18B844450062EB8F /* AllItemsViewController.m */; };
		B89578CE18B844670062EB8F /* SettingsViewController.m in Sources */ = {isa = PBXBuildFile; fileRef = B89578CD18B844670062EB8F /* SettingsViewController.m */; };
		B89578D118B844960062EB8F /* AddItemViewController.m in Sources */ = {isa = PBXBuildFile; fileRef = B89578D018B844960062EB8F /* AddItemViewController.m */; };
		B89578D418B844B60062EB8F /* DetailsViewController.m in Sources */ = {isa = PBXBuildFile; fileRef = B89578D318B844B60062EB8F /* DetailsViewController.m */; };
		B89578E718B847020062EB8F /* camera-button-highlighted.png in Resources */ = {isa = PBXBuildFile; fileRef = B89578D918B847020062EB8F /* camera-button-highlighted.png */; };
		B89578E818B847020062EB8F /* camera-button.png in Resources */ = {isa = PBXBuildFile; fileRef = B89578DA18B847020062EB8F /* camera-button.png */; };
		B89578E918B847020062EB8F /* Default-568h@2x.png in Resources */ = {isa = PBXBuildFile; fileRef = B89578DB18B847020062EB8F /* Default-568h@2x.png */; };
		B89578EA18B847020062EB8F /* Default-Landscape@2x~iPad.png in Resources */ = {isa = PBXBuildFile; fileRef = B89578DC18B847020062EB8F /* Default-Landscape@2x~iPad.png */; };
		B89578EB18B847020062EB8F /* Default-Portrait@2x~iPad.png in Resources */ = {isa = PBXBuildFile; fileRef = B89578DD18B847020062EB8F /* Default-Portrait@2x~iPad.png */; };
		B89578EC18B847020062EB8F /* Default-Portrait~iPad.png in Resources */ = {isa = PBXBuildFile; fileRef = B89578DE18B847020062EB8F /* Default-Portrait~iPad.png */; };
		B89578ED18B847020062EB8F /* Default@2x.png in Resources */ = {isa = PBXBuildFile; fileRef = B89578DF18B847020062EB8F /* Default@2x.png */; };
		B89578EE18B847020062EB8F /* defaultImage.png in Resources */ = {isa = PBXBuildFile; fileRef = B89578E018B847020062EB8F /* defaultImage.png */; };
		B89578EF18B847020062EB8F /* Icon-76.png in Resources */ = {isa = PBXBuildFile; fileRef = B89578E118B847020062EB8F /* Icon-76.png */; };
		B89578F018B847020062EB8F /* Icon-76@2x.png in Resources */ = {isa = PBXBuildFile; fileRef = B89578E218B847020062EB8F /* Icon-76@2x.png */; };
		B89578F118B847020062EB8F /* Icon.png in Resources */ = {isa = PBXBuildFile; fileRef = B89578E318B847020062EB8F /* Icon.png */; };
		B89578F218B847020062EB8F /* Icon@2x.png in Resources */ = {isa = PBXBuildFile; fileRef = B89578E418B847020062EB8F /* Icon@2x.png */; };
		B89578F318B847020062EB8F /* signin-button-highlighted.png in Resources */ = {isa = PBXBuildFile; fileRef = B89578E518B847020062EB8F /* signin-button-highlighted.png */; };
		B89578F418B847020062EB8F /* signin-button.png in Resources */ = {isa = PBXBuildFile; fileRef = B89578E618B847020062EB8F /* signin-button.png */; };
		B89578F718B847460062EB8F /* CustomCell.m in Sources */ = {isa = PBXBuildFile; fileRef = B89578F618B847460062EB8F /* CustomCell.m */; };
		B89578FA18B8477D0062EB8F /* ImageViewController.m in Sources */ = {isa = PBXBuildFile; fileRef = B89578F918B8477D0062EB8F /* ImageViewController.m */; };
		B89578FC18B847C80062EB8F /* Parse.framework in Frameworks */ = {isa = PBXBuildFile; fileRef = B89578FB18B847C80062EB8F /* Parse.framework */; };
		B89578FE18B848390062EB8F /* AudioToolbox.framework in Frameworks */ = {isa = PBXBuildFile; fileRef = B89578FD18B848390062EB8F /* AudioToolbox.framework */; };
		B895790018B8484A0062EB8F /* CFNetwork.framework in Frameworks */ = {isa = PBXBuildFile; fileRef = B89578FF18B8484A0062EB8F /* CFNetwork.framework */; };
		B895790218B848670062EB8F /* CoreLocation.framework in Frameworks */ = {isa = PBXBuildFile; fileRef = B895790118B848670062EB8F /* CoreLocation.framework */; };
		B895790418B848730062EB8F /* libz.dylib in Frameworks */ = {isa = PBXBuildFile; fileRef = B895790318B848730062EB8F /* libz.dylib */; };
		B895790618B848810062EB8F /* MobileCoreServices.framework in Frameworks */ = {isa = PBXBuildFile; fileRef = B895790518B848800062EB8F /* MobileCoreServices.framework */; };
		B895790818B8488C0062EB8F /* QuartzCore.framework in Frameworks */ = {isa = PBXBuildFile; fileRef = B895790718B8488C0062EB8F /* QuartzCore.framework */; };
		B895790A18B848970062EB8F /* Security.framework in Frameworks */ = {isa = PBXBuildFile; fileRef = B895790918B848970062EB8F /* Security.framework */; };
		B895790C18B848A40062EB8F /* StoreKit.framework in Frameworks */ = {isa = PBXBuildFile; fileRef = B895790B18B848A40062EB8F /* StoreKit.framework */; };
		B895790E18B848B10062EB8F /* SystemConfiguration.framework in Frameworks */ = {isa = PBXBuildFile; fileRef = B895790D18B848B10062EB8F /* SystemConfiguration.framework */; };
		B895791018B848EC0062EB8F /* AssetsLibrary.framework in Frameworks */ = {isa = PBXBuildFile; fileRef = B895790F18B848EC0062EB8F /* AssetsLibrary.framework */; };
		B8F4BBBB18BF02A60081C36A /* loginBackground.png in Resources */ = {isa = PBXBuildFile; fileRef = B8F4BBBA18BF02A60081C36A /* loginBackground.png */; };
		B8F4BBBF18BF03580081C36A /* loginBackground-568h.png in Resources */ = {isa = PBXBuildFile; fileRef = B8F4BBBE18BF03580081C36A /* loginBackground-568h.png */; };
/* End PBXBuildFile section */

/* Begin PBXContainerItemProxy section */
		B828F97018B842E0002CE947 /* PBXContainerItemProxy */ = {
			isa = PBXContainerItemProxy;
			containerPortal = B828F94218B842DF002CE947 /* Project object */;
			proxyType = 1;
			remoteGlobalIDString = B828F94918B842DF002CE947;
			remoteInfo = "My Treasure Vault";
		};
/* End PBXContainerItemProxy section */

/* Begin PBXFileReference section */
		B803BB7F18BBFE8A00004D1D /* Items.h */ = {isa = PBXFileReference; fileEncoding = 4; lastKnownFileType = sourcecode.c.h; path = Items.h; sourceTree = "<group>"; };
		B803BB8018BBFE8A00004D1D /* Items.m */ = {isa = PBXFileReference; fileEncoding = 4; lastKnownFileType = sourcecode.c.objc; path = Items.m; sourceTree = "<group>"; };
		B828F94A18B842DF002CE947 /* My Treasure Vault.app */ = {isa = PBXFileReference; explicitFileType = wrapper.application; includeInIndex = 0; path = "My Treasure Vault.app"; sourceTree = BUILT_PRODUCTS_DIR; };
		B828F94D18B842DF002CE947 /* Foundation.framework */ = {isa = PBXFileReference; lastKnownFileType = wrapper.framework; name = Foundation.framework; path = System/Library/Frameworks/Foundation.framework; sourceTree = SDKROOT; };
		B828F94F18B842E0002CE947 /* CoreGraphics.framework */ = {isa = PBXFileReference; lastKnownFileType = wrapper.framework; name = CoreGraphics.framework; path = System/Library/Frameworks/CoreGraphics.framework; sourceTree = SDKROOT; };
		B828F95118B842E0002CE947 /* UIKit.framework */ = {isa = PBXFileReference; lastKnownFileType = wrapper.framework; name = UIKit.framework; path = System/Library/Frameworks/UIKit.framework; sourceTree = SDKROOT; };
		B828F95318B842E0002CE947 /* CoreData.framework */ = {isa = PBXFileReference; lastKnownFileType = wrapper.framework; name = CoreData.framework; path = System/Library/Frameworks/CoreData.framework; sourceTree = SDKROOT; };
		B828F95718B842E0002CE947 /* My Treasure Vault-Info.plist */ = {isa = PBXFileReference; lastKnownFileType = text.plist.xml; path = "My Treasure Vault-Info.plist"; sourceTree = "<group>"; };
		B828F95918B842E0002CE947 /* en */ = {isa = PBXFileReference; lastKnownFileType = text.plist.strings; name = en; path = en.lproj/InfoPlist.strings; sourceTree = "<group>"; };
		B828F95B18B842E0002CE947 /* main.m */ = {isa = PBXFileReference; lastKnownFileType = sourcecode.c.objc; path = main.m; sourceTree = "<group>"; };
		B828F95D18B842E0002CE947 /* My Treasure Vault-Prefix.pch */ = {isa = PBXFileReference; lastKnownFileType = sourcecode.c.h; path = "My Treasure Vault-Prefix.pch"; sourceTree = "<group>"; };
		B828F95E18B842E0002CE947 /* AppDelegate.h */ = {isa = PBXFileReference; lastKnownFileType = sourcecode.c.h; path = AppDelegate.h; sourceTree = "<group>"; };
		B828F95F18B842E0002CE947 /* AppDelegate.m */ = {isa = PBXFileReference; lastKnownFileType = sourcecode.c.objc; path = AppDelegate.m; sourceTree = "<group>"; };
		B828F96218B842E0002CE947 /* My_Treasure_Vault.xcdatamodel */ = {isa = PBXFileReference; lastKnownFileType = wrapper.xcdatamodel; path = My_Treasure_Vault.xcdatamodel; sourceTree = "<group>"; };
		B828F96418B842E0002CE947 /* Images.xcassets */ = {isa = PBXFileReference; lastKnownFileType = folder.assetcatalog; path = Images.xcassets; sourceTree = "<group>"; };
		B828F96A18B842E0002CE947 /* My Treasure VaultTests.xctest */ = {isa = PBXFileReference; explicitFileType = wrapper.cfbundle; includeInIndex = 0; path = "My Treasure VaultTests.xctest"; sourceTree = BUILT_PRODUCTS_DIR; };
		B828F96B18B842E0002CE947 /* XCTest.framework */ = {isa = PBXFileReference; lastKnownFileType = wrapper.framework; name = XCTest.framework; path = Library/Frameworks/XCTest.framework; sourceTree = DEVELOPER_DIR; };
		B828F97418B842E0002CE947 /* My Treasure VaultTests-Info.plist */ = {isa = PBXFileReference; lastKnownFileType = text.plist.xml; path = "My Treasure VaultTests-Info.plist"; sourceTree = "<group>"; };
		B828F97618B842E0002CE947 /* en */ = {isa = PBXFileReference; lastKnownFileType = text.plist.strings; name = en; path = en.lproj/InfoPlist.strings; sourceTree = "<group>"; };
		B828F97818B842E0002CE947 /* My_Treasure_VaultTests.m */ = {isa = PBXFileReference; lastKnownFileType = sourcecode.c.objc; path = My_Treasure_VaultTests.m; sourceTree = "<group>"; };
		B828F98218B84329002CE947 /* Main_iPhone.storyboard */ = {isa = PBXFileReference; fileEncoding = 4; lastKnownFileType = file.storyboard; path = Main_iPhone.storyboard; sourceTree = "<group>"; };
		B828F98418B84342002CE947 /* Main_iPad.storyboard */ = {isa = PBXFileReference; fileEncoding = 4; lastKnownFileType = file.storyboard; path = Main_iPad.storyboard; sourceTree = "<group>"; };
		B82D1DA618BFB212002EE367 /* CustomPFSignUpViewController.h */ = {isa = PBXFileReference; fileEncoding = 4; lastKnownFileType = sourcecode.c.h; path = CustomPFSignUpViewController.h; sourceTree = "<group>"; };
		B82D1DA718BFB212002EE367 /* CustomPFSignUpViewController.m */ = {isa = PBXFileReference; fileEncoding = 4; lastKnownFileType = sourcecode.c.objc; path = CustomPFSignUpViewController.m; sourceTree = "<group>"; };
		B82D1DA918BFB6A5002EE367 /* SignUpFieldBG.png */ = {isa = PBXFileReference; lastKnownFileType = image.png; path = SignUpFieldBG.png; sourceTree = "<group>"; };
		B82D1DAB18BFB95A002EE367 /* mainBackground~iPad@2x.png */ = {isa = PBXFileReference; lastKnownFileType = image.png; path = "mainBackground~iPad@2x.png"; sourceTree = "<group>"; };
		B82D1DAF18BFBD45002EE367 /* mainBackground~iPad.png */ = {isa = PBXFileReference; lastKnownFileType = image.png; path = "mainBackground~iPad.png"; sourceTree = "<group>"; };
		B82D1DB118BFBF65002EE367 /* loginBackground~iPad@2x.png */ = {isa = PBXFileReference; lastKnownFileType = image.png; path = "loginBackground~iPad@2x.png"; sourceTree = "<group>"; };
		B82D1DB318BFC514002EE367 /* loginBackground-568h@2x.png */ = {isa = PBXFileReference; lastKnownFileType = image.png; path = "loginBackground-568h@2x.png"; sourceTree = "<group>"; };
		B879D39618BEB36400F27590 /* CustomPFLoginViewController.h */ = {isa = PBXFileReference; fileEncoding = 4; lastKnownFileType = sourcecode.c.h; path = CustomPFLoginViewController.h; sourceTree = "<group>"; };
		B879D39718BEB36400F27590 /* CustomPFLoginViewController.m */ = {isa = PBXFileReference; fileEncoding = 4; lastKnownFileType = sourcecode.c.objc; path = CustomPFLoginViewController.m; sourceTree = "<group>"; };
		B879D39918BED88E00F27590 /* LoginFieldBG.png */ = {isa = PBXFileReference; lastKnownFileType = image.png; path = LoginFieldBG.png; sourceTree = "<group>"; };
		B879D39D18BEEA0200F27590 /* logo.png */ = {isa = PBXFileReference; lastKnownFileType = image.png; path = logo.png; sourceTree = "<group>"; };
		B879D39F18BEF36D00F27590 /* loginBackground~iPad.png */ = {isa = PBXFileReference; lastKnownFileType = image.png; path = "loginBackground~iPad.png"; sourceTree = "<group>"; };
		B89578C618B843BD0062EB8F /* RecentViewController.h */ = {isa = PBXFileReference; fileEncoding = 4; lastKnownFileType = sourcecode.c.h; path = RecentViewController.h; sourceTree = "<group>"; };
		B89578C718B843BD0062EB8F /* RecentViewController.m */ = {isa = PBXFileReference; fileEncoding = 4; lastKnownFileType = sourcecode.c.objc; path = RecentViewController.m; sourceTree = "<group>"; };
		B89578C918B844450062EB8F /* AllItemsViewController.h */ = {isa = PBXFileReference; fileEncoding = 4; lastKnownFileType = sourcecode.c.h; path = AllItemsViewController.h; sourceTree = "<group>"; };
		B89578CA18B844450062EB8F /* AllItemsViewController.m */ = {isa = PBXFileReference; fileEncoding = 4; lastKnownFileType = sourcecode.c.objc; path = AllItemsViewController.m; sourceTree = "<group>"; };
		B89578CC18B844670062EB8F /* SettingsViewController.h */ = {isa = PBXFileReference; fileEncoding = 4; lastKnownFileType = sourcecode.c.h; path = SettingsViewController.h; sourceTree = "<group>"; };
		B89578CD18B844670062EB8F /* SettingsViewController.m */ = {isa = PBXFileReference; fileEncoding = 4; lastKnownFileType = sourcecode.c.objc; path = SettingsViewController.m; sourceTree = "<group>"; };
		B89578CF18B844960062EB8F /* AddItemViewController.h */ = {isa = PBXFileReference; fileEncoding = 4; lastKnownFileType = sourcecode.c.h; path = AddItemViewController.h; sourceTree = "<group>"; };
		B89578D018B844960062EB8F /* AddItemViewController.m */ = {isa = PBXFileReference; fileEncoding = 4; lastKnownFileType = sourcecode.c.objc; path = AddItemViewController.m; sourceTree = "<group>"; };
		B89578D218B844B60062EB8F /* DetailsViewController.h */ = {isa = PBXFileReference; fileEncoding = 4; lastKnownFileType = sourcecode.c.h; path = DetailsViewController.h; sourceTree = "<group>"; };
		B89578D318B844B60062EB8F /* DetailsViewController.m */ = {isa = PBXFileReference; fileEncoding = 4; lastKnownFileType = sourcecode.c.objc; path = DetailsViewController.m; sourceTree = "<group>"; };
		B89578D918B847020062EB8F /* camera-button-highlighted.png */ = {isa = PBXFileReference; lastKnownFileType = image.png; path = "camera-button-highlighted.png"; sourceTree = "<group>"; };
		B89578DA18B847020062EB8F /* camera-button.png */ = {isa = PBXFileReference; lastKnownFileType = image.png; path = "camera-button.png"; sourceTree = "<group>"; };
		B89578DB18B847020062EB8F /* Default-568h@2x.png */ = {isa = PBXFileReference; lastKnownFileType = image.png; path = "Default-568h@2x.png"; sourceTree = "<group>"; };
		B89578DC18B847020062EB8F /* Default-Landscape@2x~iPad.png */ = {isa = PBXFileReference; lastKnownFileType = image.png; path = "Default-Landscape@2x~iPad.png"; sourceTree = "<group>"; };
		B89578DD18B847020062EB8F /* Default-Portrait@2x~iPad.png */ = {isa = PBXFileReference; lastKnownFileType = image.png; path = "Default-Portrait@2x~iPad.png"; sourceTree = "<group>"; };
		B89578DE18B847020062EB8F /* Default-Portrait~iPad.png */ = {isa = PBXFileReference; lastKnownFileType = image.png; path = "Default-Portrait~iPad.png"; sourceTree = "<group>"; };
		B89578DF18B847020062EB8F /* Default@2x.png */ = {isa = PBXFileReference; lastKnownFileType = image.png; path = "Default@2x.png"; sourceTree = "<group>"; };
		B89578E018B847020062EB8F /* defaultImage.png */ = {isa = PBXFileReference; lastKnownFileType = image.png; path = defaultImage.png; sourceTree = "<group>"; };
		B89578E118B847020062EB8F /* Icon-76.png */ = {isa = PBXFileReference; lastKnownFileType = image.png; path = "Icon-76.png"; sourceTree = "<group>"; };
		B89578E218B847020062EB8F /* Icon-76@2x.png */ = {isa = PBXFileReference; lastKnownFileType = image.png; path = "Icon-76@2x.png"; sourceTree = "<group>"; };
		B89578E318B847020062EB8F /* Icon.png */ = {isa = PBXFileReference; lastKnownFileType = image.png; path = Icon.png; sourceTree = "<group>"; };
		B89578E418B847020062EB8F /* Icon@2x.png */ = {isa = PBXFileReference; lastKnownFileType = image.png; path = "Icon@2x.png"; sourceTree = "<group>"; };
		B89578E518B847020062EB8F /* signin-button-highlighted.png */ = {isa = PBXFileReference; lastKnownFileType = image.png; path = "signin-button-highlighted.png"; sourceTree = "<group>"; };
		B89578E618B847020062EB8F /* signin-button.png */ = {isa = PBXFileReference; lastKnownFileType = image.png; path = "signin-button.png"; sourceTree = "<group>"; };
		B89578F518B847460062EB8F /* CustomCell.h */ = {isa = PBXFileReference; fileEncoding = 4; lastKnownFileType = sourcecode.c.h; path = CustomCell.h; sourceTree = "<group>"; };
		B89578F618B847460062EB8F /* CustomCell.m */ = {isa = PBXFileReference; fileEncoding = 4; lastKnownFileType = sourcecode.c.objc; path = CustomCell.m; sourceTree = "<group>"; };
		B89578F818B8477D0062EB8F /* ImageViewController.h */ = {isa = PBXFileReference; fileEncoding = 4; lastKnownFileType = sourcecode.c.h; path = ImageViewController.h; sourceTree = "<group>"; };
		B89578F918B8477D0062EB8F /* ImageViewController.m */ = {isa = PBXFileReference; fileEncoding = 4; lastKnownFileType = sourcecode.c.objc; path = ImageViewController.m; sourceTree = "<group>"; };
		B89578FB18B847C80062EB8F /* Parse.framework */ = {isa = PBXFileReference; lastKnownFileType = wrapper.framework; name = Parse.framework; path = ../../../Downloads/Parse.framework; sourceTree = "<group>"; };
		B89578FD18B848390062EB8F /* AudioToolbox.framework */ = {isa = PBXFileReference; lastKnownFileType = wrapper.framework; name = AudioToolbox.framework; path = System/Library/Frameworks/AudioToolbox.framework; sourceTree = SDKROOT; };
		B89578FF18B8484A0062EB8F /* CFNetwork.framework */ = {isa = PBXFileReference; lastKnownFileType = wrapper.framework; name = CFNetwork.framework; path = System/Library/Frameworks/CFNetwork.framework; sourceTree = SDKROOT; };
		B895790118B848670062EB8F /* CoreLocation.framework */ = {isa = PBXFileReference; lastKnownFileType = wrapper.framework; name = CoreLocation.framework; path = System/Library/Frameworks/CoreLocation.framework; sourceTree = SDKROOT; };
		B895790318B848730062EB8F /* libz.dylib */ = {isa = PBXFileReference; lastKnownFileType = "compiled.mach-o.dylib"; name = libz.dylib; path = usr/lib/libz.dylib; sourceTree = SDKROOT; };
		B895790518B848800062EB8F /* MobileCoreServices.framework */ = {isa = PBXFileReference; lastKnownFileType = wrapper.framework; name = MobileCoreServices.framework; path = System/Library/Frameworks/MobileCoreServices.framework; sourceTree = SDKROOT; };
		B895790718B8488C0062EB8F /* QuartzCore.framework */ = {isa = PBXFileReference; lastKnownFileType = wrapper.framework; name = QuartzCore.framework; path = System/Library/Frameworks/QuartzCore.framework; sourceTree = SDKROOT; };
		B895790918B848970062EB8F /* Security.framework */ = {isa = PBXFileReference; lastKnownFileType = wrapper.framework; name = Security.framework; path = System/Library/Frameworks/Security.framework; sourceTree = SDKROOT; };
		B895790B18B848A40062EB8F /* StoreKit.framework */ = {isa = PBXFileReference; lastKnownFileType = wrapper.framework; name = StoreKit.framework; path = System/Library/Frameworks/StoreKit.framework; sourceTree = SDKROOT; };
		B895790D18B848B10062EB8F /* SystemConfiguration.framework */ = {isa = PBXFileReference; lastKnownFileType = wrapper.framework; name = SystemConfiguration.framework; path = System/Library/Frameworks/SystemConfiguration.framework; sourceTree = SDKROOT; };
		B895790F18B848EC0062EB8F /* AssetsLibrary.framework */ = {isa = PBXFileReference; lastKnownFileType = wrapper.framework; name = AssetsLibrary.framework; path = System/Library/Frameworks/AssetsLibrary.framework; sourceTree = SDKROOT; };
		B8F4BBBA18BF02A60081C36A /* loginBackground.png */ = {isa = PBXFileReference; lastKnownFileType = image.png; path = loginBackground.png; sourceTree = "<group>"; };
		B8F4BBBE18BF03580081C36A /* loginBackground-568h.png */ = {isa = PBXFileReference; lastKnownFileType = image.png; path = "loginBackground-568h.png"; sourceTree = "<group>"; };
/* End PBXFileReference section */

/* Begin PBXFrameworksBuildPhase section */
		B828F94718B842DF002CE947 /* Frameworks */ = {
			isa = PBXFrameworksBuildPhase;
			buildActionMask = 2147483647;
			files = (
				B895791018B848EC0062EB8F /* AssetsLibrary.framework in Frameworks */,
				B895790E18B848B10062EB8F /* SystemConfiguration.framework in Frameworks */,
				B895790C18B848A40062EB8F /* StoreKit.framework in Frameworks */,
				B895790A18B848970062EB8F /* Security.framework in Frameworks */,
				B895790818B8488C0062EB8F /* QuartzCore.framework in Frameworks */,
				B895790618B848810062EB8F /* MobileCoreServices.framework in Frameworks */,
				B895790418B848730062EB8F /* libz.dylib in Frameworks */,
				B895790218B848670062EB8F /* CoreLocation.framework in Frameworks */,
				B828F95018B842E0002CE947 /* CoreGraphics.framework in Frameworks */,
				B895790018B8484A0062EB8F /* CFNetwork.framework in Frameworks */,
				B89578FE18B848390062EB8F /* AudioToolbox.framework in Frameworks */,
				B828F95418B842E0002CE947 /* CoreData.framework in Frameworks */,
				B828F95218B842E0002CE947 /* UIKit.framework in Frameworks */,
				B828F94E18B842DF002CE947 /* Foundation.framework in Frameworks */,
				B89578FC18B847C80062EB8F /* Parse.framework in Frameworks */,
			);
			runOnlyForDeploymentPostprocessing = 0;
		};
		B828F96718B842E0002CE947 /* Frameworks */ = {
			isa = PBXFrameworksBuildPhase;
			buildActionMask = 2147483647;
			files = (
				B828F96C18B842E0002CE947 /* XCTest.framework in Frameworks */,
				B828F96F18B842E0002CE947 /* CoreData.framework in Frameworks */,
				B828F96E18B842E0002CE947 /* UIKit.framework in Frameworks */,
				B828F96D18B842E0002CE947 /* Foundation.framework in Frameworks */,
			);
			runOnlyForDeploymentPostprocessing = 0;
		};
/* End PBXFrameworksBuildPhase section */

/* Begin PBXGroup section */
		B828F94118B842DF002CE947 = {
			isa = PBXGroup;
			children = (
				B828F95518B842E0002CE947 /* My Treasure Vault */,
				B828F97218B842E0002CE947 /* My Treasure VaultTests */,
				B828F94C18B842DF002CE947 /* Frameworks */,
				B828F94B18B842DF002CE947 /* Products */,
			);
			sourceTree = "<group>";
		};
		B828F94B18B842DF002CE947 /* Products */ = {
			isa = PBXGroup;
			children = (
				B828F94A18B842DF002CE947 /* My Treasure Vault.app */,
				B828F96A18B842E0002CE947 /* My Treasure VaultTests.xctest */,
			);
			name = Products;
			sourceTree = "<group>";
		};
		B828F94C18B842DF002CE947 /* Frameworks */ = {
			isa = PBXGroup;
			children = (
				B895790F18B848EC0062EB8F /* AssetsLibrary.framework */,
				B895790D18B848B10062EB8F /* SystemConfiguration.framework */,
				B895790B18B848A40062EB8F /* StoreKit.framework */,
				B895790918B848970062EB8F /* Security.framework */,
				B895790718B8488C0062EB8F /* QuartzCore.framework */,
				B895790518B848800062EB8F /* MobileCoreServices.framework */,
				B895790318B848730062EB8F /* libz.dylib */,
				B895790118B848670062EB8F /* CoreLocation.framework */,
				B89578FF18B8484A0062EB8F /* CFNetwork.framework */,
				B89578FD18B848390062EB8F /* AudioToolbox.framework */,
				B89578FB18B847C80062EB8F /* Parse.framework */,
				B828F94D18B842DF002CE947 /* Foundation.framework */,
				B828F94F18B842E0002CE947 /* CoreGraphics.framework */,
				B828F95118B842E0002CE947 /* UIKit.framework */,
				B828F95318B842E0002CE947 /* CoreData.framework */,
				B828F96B18B842E0002CE947 /* XCTest.framework */,
			);
			name = Frameworks;
			sourceTree = "<group>";
		};
		B828F95518B842E0002CE947 /* My Treasure Vault */ = {
			isa = PBXGroup;
			children = (
				B828F95E18B842E0002CE947 /* AppDelegate.h */,
				B828F95F18B842E0002CE947 /* AppDelegate.m */,
				B828F98218B84329002CE947 /* Main_iPhone.storyboard */,
				B828F98418B84342002CE947 /* Main_iPad.storyboard */,
				B89578C618B843BD0062EB8F /* RecentViewController.h */,
				B89578C718B843BD0062EB8F /* RecentViewController.m */,
				B89578C918B844450062EB8F /* AllItemsViewController.h */,
				B89578CA18B844450062EB8F /* AllItemsViewController.m */,
				B89578CC18B844670062EB8F /* SettingsViewController.h */,
				B89578CD18B844670062EB8F /* SettingsViewController.m */,
				B89578CF18B844960062EB8F /* AddItemViewController.h */,
				B89578D018B844960062EB8F /* AddItemViewController.m */,
				B89578D218B844B60062EB8F /* DetailsViewController.h */,
				B89578D318B844B60062EB8F /* DetailsViewController.m */,
				B828F96418B842E0002CE947 /* Images.xcassets */,
				B803BB7F18BBFE8A00004D1D /* Items.h */,
				B803BB8018BBFE8A00004D1D /* Items.m */,
				B828F96118B842E0002CE947 /* My_Treasure_Vault.xcdatamodeld */,
				B89578D818B847020062EB8F /* images */,
				B828F95618B842E0002CE947 /* Supporting Files */,
				B89578F518B847460062EB8F /* CustomCell.h */,
				B89578F618B847460062EB8F /* CustomCell.m */,
				B89578F818B8477D0062EB8F /* ImageViewController.h */,
				B89578F918B8477D0062EB8F /* ImageViewController.m */,
				B879D39618BEB36400F27590 /* CustomPFLoginViewController.h */,
				B879D39718BEB36400F27590 /* CustomPFLoginViewController.m */,
				B82D1DA618BFB212002EE367 /* CustomPFSignUpViewController.h */,
				B82D1DA718BFB212002EE367 /* CustomPFSignUpViewController.m */,
			);
			path = "My Treasure Vault";
			sourceTree = "<group>";
		};
		B828F95618B842E0002CE947 /* Supporting Files */ = {
			isa = PBXGroup;
			children = (
				B828F95718B842E0002CE947 /* My Treasure Vault-Info.plist */,
				B828F95818B842E0002CE947 /* InfoPlist.strings */,
				B828F95B18B842E0002CE947 /* main.m */,
				B828F95D18B842E0002CE947 /* My Treasure Vault-Prefix.pch */,
			);
			name = "Supporting Files";
			sourceTree = "<group>";
		};
		B828F97218B842E0002CE947 /* My Treasure VaultTests */ = {
			isa = PBXGroup;
			children = (
				B828F97818B842E0002CE947 /* My_Treasure_VaultTests.m */,
				B828F97318B842E0002CE947 /* Supporting Files */,
			);
			path = "My Treasure VaultTests";
			sourceTree = "<group>";
		};
		B828F97318B842E0002CE947 /* Supporting Files */ = {
			isa = PBXGroup;
			children = (
				B828F97418B842E0002CE947 /* My Treasure VaultTests-Info.plist */,
				B828F97518B842E0002CE947 /* InfoPlist.strings */,
			);
			name = "Supporting Files";
			sourceTree = "<group>";
		};
		B89578D818B847020062EB8F /* images */ = {
			isa = PBXGroup;
			children = (
				B89578D918B847020062EB8F /* camera-button-highlighted.png */,
				B89578DA18B847020062EB8F /* camera-button.png */,
				B89578DB18B847020062EB8F /* Default-568h@2x.png */,
				B89578DC18B847020062EB8F /* Default-Landscape@2x~iPad.png */,
				B89578DD18B847020062EB8F /* Default-Portrait@2x~iPad.png */,
				B89578DE18B847020062EB8F /* Default-Portrait~iPad.png */,
				B89578DF18B847020062EB8F /* Default@2x.png */,
				B89578E018B847020062EB8F /* defaultImage.png */,
				B89578E118B847020062EB8F /* Icon-76.png */,
				B89578E218B847020062EB8F /* Icon-76@2x.png */,
				B89578E318B847020062EB8F /* Icon.png */,
				B89578E418B847020062EB8F /* Icon@2x.png */,
				B8F4BBBE18BF03580081C36A /* loginBackground-568h.png */,
				B82D1DB318BFC514002EE367 /* loginBackground-568h@2x.png */,
				B8F4BBBA18BF02A60081C36A /* loginBackground.png */,
				B879D39F18BEF36D00F27590 /* loginBackground~iPad.png */,
				B82D1DB118BFBF65002EE367 /* loginBackground~iPad@2x.png */,
				B879D39918BED88E00F27590 /* LoginFieldBG.png */,
				B879D39D18BEEA0200F27590 /* logo.png */,
				B82D1DAF18BFBD45002EE367 /* mainBackground~iPad.png */,
				B82D1DAB18BFB95A002EE367 /* mainBackground~iPad@2x.png */,
				B89578E518B847020062EB8F /* signin-button-highlighted.png */,
				B89578E618B847020062EB8F /* signin-button.png */,
				B82D1DA918BFB6A5002EE367 /* SignUpFieldBG.png */,
			);
			path = images;
			sourceTree = "<group>";
		};
/* End PBXGroup section */

/* Begin PBXNativeTarget section */
		B828F94918B842DF002CE947 /* My Treasure Vault */ = {
			isa = PBXNativeTarget;
			buildConfigurationList = B828F97C18B842E0002CE947 /* Build configuration list for PBXNativeTarget "My Treasure Vault" */;
			buildPhases = (
				B828F94618B842DF002CE947 /* Sources */,
				B828F94718B842DF002CE947 /* Frameworks */,
				B828F94818B842DF002CE947 /* Resources */,
			);
			buildRules = (
			);
			dependencies = (
			);
			name = "My Treasure Vault";
			productName = "My Treasure Vault";
			productReference = B828F94A18B842DF002CE947 /* My Treasure Vault.app */;
			productType = "com.apple.product-type.application";
		};
		B828F96918B842E0002CE947 /* My Treasure VaultTests */ = {
			isa = PBXNativeTarget;
			buildConfigurationList = B828F97F18B842E0002CE947 /* Build configuration list for PBXNativeTarget "My Treasure VaultTests" */;
			buildPhases = (
				B828F96618B842E0002CE947 /* Sources */,
				B828F96718B842E0002CE947 /* Frameworks */,
				B828F96818B842E0002CE947 /* Resources */,
			);
			buildRules = (
			);
			dependencies = (
				B828F97118B842E0002CE947 /* PBXTargetDependency */,
			);
			name = "My Treasure VaultTests";
			productName = "My Treasure VaultTests";
			productReference = B828F96A18B842E0002CE947 /* My Treasure VaultTests.xctest */;
			productType = "com.apple.product-type.bundle.unit-test";
		};
/* End PBXNativeTarget section */

/* Begin PBXProject section */
		B828F94218B842DF002CE947 /* Project object */ = {
			isa = PBXProject;
			attributes = {
				LastUpgradeCheck = 0500;
				ORGANIZATIONNAME = "Elijah Freestone";
				TargetAttributes = {
					B828F96918B842E0002CE947 = {
						TestTargetID = B828F94918B842DF002CE947;
					};
				};
			};
			buildConfigurationList = B828F94518B842DF002CE947 /* Build configuration list for PBXProject "My Treasure Vault" */;
			compatibilityVersion = "Xcode 3.2";
			developmentRegion = English;
			hasScannedForEncodings = 0;
			knownRegions = (
				en,
			);
			mainGroup = B828F94118B842DF002CE947;
			productRefGroup = B828F94B18B842DF002CE947 /* Products */;
			projectDirPath = "";
			projectRoot = "";
			targets = (
				B828F94918B842DF002CE947 /* My Treasure Vault */,
				B828F96918B842E0002CE947 /* My Treasure VaultTests */,
			);
		};
/* End PBXProject section */

/* Begin PBXResourcesBuildPhase section */
		B828F94818B842DF002CE947 /* Resources */ = {
			isa = PBXResourcesBuildPhase;
			buildActionMask = 2147483647;
			files = (
				B89578EB18B847020062EB8F /* Default-Portrait@2x~iPad.png in Resources */,
				B89578F218B847020062EB8F /* Icon@2x.png in Resources */,
				B89578EF18B847020062EB8F /* Icon-76.png in Resources */,
				B82D1DAC18BFB95A002EE367 /* mainBackground~iPad@2x.png in Resources */,
				B89578E818B847020062EB8F /* camera-button.png in Resources */,
				B82D1DB418BFC514002EE367 /* loginBackground-568h@2x.png in Resources */,
				B89578E718B847020062EB8F /* camera-button-highlighted.png in Resources */,
				B89578F418B847020062EB8F /* signin-button.png in Resources */,
				B89578F018B847020062EB8F /* Icon-76@2x.png in Resources */,
				B8F4BBBB18BF02A60081C36A /* loginBackground.png in Resources */,
				B828F95A18B842E0002CE947 /* InfoPlist.strings in Resources */,
				B89578EA18B847020062EB8F /* Default-Landscape@2x~iPad.png in Resources */,
				B89578ED18B847020062EB8F /* Default@2x.png in Resources */,
				B828F98518B84342002CE947 /* Main_iPad.storyboard in Resources */,
				B82D1DB018BFBD45002EE367 /* mainBackground~iPad.png in Resources */,
				B879D39E18BEEA0200F27590 /* logo.png in Resources */,
				B89578EE18B847020062EB8F /* defaultImage.png in Resources */,
				B89578F318B847020062EB8F /* signin-button-highlighted.png in Resources */,
				B82D1DAA18BFB6A5002EE367 /* SignUpFieldBG.png in Resources */,
				B828F96518B842E0002CE947 /* Images.xcassets in Resources */,
				B89578EC18B847020062EB8F /* Default-Portrait~iPad.png in Resources */,
				B879D39A18BED88E00F27590 /* LoginFieldBG.png in Resources */,
				B82D1DB218BFBF65002EE367 /* loginBackground~iPad@2x.png in Resources */,
				B89578F118B847020062EB8F /* Icon.png in Resources */,
				B89578E918B847020062EB8F /* Default-568h@2x.png in Resources */,
				B828F98318B84329002CE947 /* Main_iPhone.storyboard in Resources */,
				B8F4BBBF18BF03580081C36A /* loginBackground-568h.png in Resources */,
				B879D3A018BEF36D00F27590 /* loginBackground~iPad.png in Resources */,
			);
			runOnlyForDeploymentPostprocessing = 0;
		};
		B828F96818B842E0002CE947 /* Resources */ = {
			isa = PBXResourcesBuildPhase;
			buildActionMask = 2147483647;
			files = (
				B828F97718B842E0002CE947 /* InfoPlist.strings in Resources */,
			);
			runOnlyForDeploymentPostprocessing = 0;
		};
/* End PBXResourcesBuildPhase section */

/* Begin PBXSourcesBuildPhase section */
		B828F94618B842DF002CE947 /* Sources */ = {
			isa = PBXSourcesBuildPhase;
			buildActionMask = 2147483647;
			files = (
				B803BB8118BBFE8A00004D1D /* Items.m in Sources */,
				B89578CB18B844450062EB8F /* AllItemsViewController.m in Sources */,
				B828F96018B842E0002CE947 /* AppDelegate.m in Sources */,
				B89578D118B844960062EB8F /* AddItemViewController.m in Sources */,
				B89578FA18B8477D0062EB8F /* ImageViewController.m in Sources */,
				B82D1DA818BFB212002EE367 /* CustomPFSignUpViewController.m in Sources */,
				B89578F718B847460062EB8F /* CustomCell.m in Sources */,
				B89578C818B843BD0062EB8F /* RecentViewController.m in Sources */,
				B89578CE18B844670062EB8F /* SettingsViewController.m in Sources */,
				B828F95C18B842E0002CE947 /* main.m in Sources */,
				B879D39818BEB36400F27590 /* CustomPFLoginViewController.m in Sources */,
				B828F96318B842E0002CE947 /* My_Treasure_Vault.xcdatamodeld in Sources */,
				B89578D418B844B60062EB8F /* DetailsViewController.m in Sources */,
			);
			runOnlyForDeploymentPostprocessing = 0;
		};
		B828F96618B842E0002CE947 /* Sources */ = {
			isa = PBXSourcesBuildPhase;
			buildActionMask = 2147483647;
			files = (
				B828F97918B842E0002CE947 /* My_Treasure_VaultTests.m in Sources */,
			);
			runOnlyForDeploymentPostprocessing = 0;
		};
/* End PBXSourcesBuildPhase section */

/* Begin PBXTargetDependency section */
		B828F97118B842E0002CE947 /* PBXTargetDependency */ = {
			isa = PBXTargetDependency;
			target = B828F94918B842DF002CE947 /* My Treasure Vault */;
			targetProxy = B828F97018B842E0002CE947 /* PBXContainerItemProxy */;
		};
/* End PBXTargetDependency section */

/* Begin PBXVariantGroup section */
		B828F95818B842E0002CE947 /* InfoPlist.strings */ = {
			isa = PBXVariantGroup;
			children = (
				B828F95918B842E0002CE947 /* en */,
			);
			name = InfoPlist.strings;
			sourceTree = "<group>";
		};
		B828F97518B842E0002CE947 /* InfoPlist.strings */ = {
			isa = PBXVariantGroup;
			children = (
				B828F97618B842E0002CE947 /* en */,
			);
			name = InfoPlist.strings;
			sourceTree = "<group>";
		};
/* End PBXVariantGroup section */

/* Begin XCBuildConfiguration section */
		B828F97A18B842E0002CE947 /* Debug */ = {
			isa = XCBuildConfiguration;
			buildSettings = {
				ALWAYS_SEARCH_USER_PATHS = NO;
				ARCHS = "$(ARCHS_STANDARD_INCLUDING_64_BIT)";
				CLANG_CXX_LANGUAGE_STANDARD = "gnu++0x";
				CLANG_CXX_LIBRARY = "libc++";
				CLANG_ENABLE_MODULES = YES;
				CLANG_ENABLE_OBJC_ARC = YES;
				CLANG_WARN_BOOL_CONVERSION = YES;
				CLANG_WARN_CONSTANT_CONVERSION = YES;
				CLANG_WARN_DIRECT_OBJC_ISA_USAGE = YES_ERROR;
				CLANG_WARN_EMPTY_BODY = YES;
				CLANG_WARN_ENUM_CONVERSION = YES;
				CLANG_WARN_INT_CONVERSION = YES;
				CLANG_WARN_OBJC_ROOT_CLASS = YES_ERROR;
				CLANG_WARN__DUPLICATE_METHOD_MATCH = YES;
				"CODE_SIGN_IDENTITY[sdk=iphoneos*]" = "iPhone Developer";
				COPY_PHASE_STRIP = NO;
				GCC_C_LANGUAGE_STANDARD = gnu99;
				GCC_DYNAMIC_NO_PIC = NO;
				GCC_OPTIMIZATION_LEVEL = 0;
				GCC_PREPROCESSOR_DEFINITIONS = (
					"DEBUG=1",
					"$(inherited)",
				);
				GCC_SYMBOLS_PRIVATE_EXTERN = NO;
				GCC_WARN_64_TO_32_BIT_CONVERSION = YES;
				GCC_WARN_ABOUT_RETURN_TYPE = YES_ERROR;
				GCC_WARN_UNDECLARED_SELECTOR = YES;
				GCC_WARN_UNINITIALIZED_AUTOS = YES;
				GCC_WARN_UNUSED_FUNCTION = YES;
				GCC_WARN_UNUSED_VARIABLE = YES;
				IPHONEOS_DEPLOYMENT_TARGET = 7.0;
				ONLY_ACTIVE_ARCH = YES;
				SDKROOT = iphoneos;
				TARGETED_DEVICE_FAMILY = "1,2";
			};
			name = Debug;
		};
		B828F97B18B842E0002CE947 /* Release */ = {
			isa = XCBuildConfiguration;
			buildSettings = {
				ALWAYS_SEARCH_USER_PATHS = NO;
				ARCHS = "$(ARCHS_STANDARD_INCLUDING_64_BIT)";
				CLANG_CXX_LANGUAGE_STANDARD = "gnu++0x";
				CLANG_CXX_LIBRARY = "libc++";
				CLANG_ENABLE_MODULES = YES;
				CLANG_ENABLE_OBJC_ARC = YES;
				CLANG_WARN_BOOL_CONVERSION = YES;
				CLANG_WARN_CONSTANT_CONVERSION = YES;
				CLANG_WARN_DIRECT_OBJC_ISA_USAGE = YES_ERROR;
				CLANG_WARN_EMPTY_BODY = YES;
				CLANG_WARN_ENUM_CONVERSION = YES;
				CLANG_WARN_INT_CONVERSION = YES;
				CLANG_WARN_OBJC_ROOT_CLASS = YES_ERROR;
				CLANG_WARN__DUPLICATE_METHOD_MATCH = YES;
				"CODE_SIGN_IDENTITY[sdk=iphoneos*]" = "iPhone Developer";
				COPY_PHASE_STRIP = YES;
				ENABLE_NS_ASSERTIONS = NO;
				GCC_C_LANGUAGE_STANDARD = gnu99;
				GCC_WARN_64_TO_32_BIT_CONVERSION = YES;
				GCC_WARN_ABOUT_RETURN_TYPE = YES_ERROR;
				GCC_WARN_UNDECLARED_SELECTOR = YES;
				GCC_WARN_UNINITIALIZED_AUTOS = YES;
				GCC_WARN_UNUSED_FUNCTION = YES;
				GCC_WARN_UNUSED_VARIABLE = YES;
				IPHONEOS_DEPLOYMENT_TARGET = 7.0;
				SDKROOT = iphoneos;
				TARGETED_DEVICE_FAMILY = "1,2";
				VALIDATE_PRODUCT = YES;
			};
			name = Release;
		};
		B828F97D18B842E0002CE947 /* Debug */ = {
			isa = XCBuildConfiguration;
			buildSettings = {
				FRAMEWORK_SEARCH_PATHS = (
					"$(inherited)",
					/Users/elijahfreestone/Downloads,
				);
				GCC_PRECOMPILE_PREFIX_HEADER = YES;
				GCC_PREFIX_HEADER = "My Treasure Vault/My Treasure Vault-Prefix.pch";
				INFOPLIST_FILE = "My Treasure Vault/My Treasure Vault-Info.plist";
				PRODUCT_NAME = "My Treasure Vault";
				WRAPPER_EXTENSION = app;
			};
			name = Debug;
		};
		B828F97E18B842E0002CE947 /* Release */ = {
			isa = XCBuildConfiguration;
			buildSettings = {
				FRAMEWORK_SEARCH_PATHS = (
					"$(inherited)",
					/Users/elijahfreestone/Downloads,
				);
				GCC_PRECOMPILE_PREFIX_HEADER = YES;
				GCC_PREFIX_HEADER = "My Treasure Vault/My Treasure Vault-Prefix.pch";
				INFOPLIST_FILE = "My Treasure Vault/My Treasure Vault-Info.plist";
				PRODUCT_NAME = "My Treasure Vault";
				WRAPPER_EXTENSION = app;
			};
			name = Release;
		};
		B828F98018B842E0002CE947 /* Debug */ = {
			isa = XCBuildConfiguration;
			buildSettings = {
				ARCHS = "$(ARCHS_STANDARD_INCLUDING_64_BIT)";
				BUNDLE_LOADER = "$(BUILT_PRODUCTS_DIR)/My Treasure Vault.app/My Treasure Vault";
				FRAMEWORK_SEARCH_PATHS = (
					"$(SDKROOT)/Developer/Library/Frameworks",
					"$(inherited)",
					"$(DEVELOPER_FRAMEWORKS_DIR)",
				);
				GCC_PRECOMPILE_PREFIX_HEADER = YES;
				GCC_PREFIX_HEADER = "My Treasure Vault/My Treasure Vault-Prefix.pch";
				GCC_PREPROCESSOR_DEFINITIONS = (
					"DEBUG=1",
					"$(inherited)",
				);
				INFOPLIST_FILE = "My Treasure VaultTests/My Treasure VaultTests-Info.plist";
				PRODUCT_NAME = "My Treasure VaultTests";
				TEST_HOST = "$(BUNDLE_LOADER)";
				WRAPPER_EXTENSION = xctest;
			};
			name = Debug;
		};
		B828F98118B842E0002CE947 /* Release */ = {
			isa = XCBuildConfiguration;
			buildSettings = {
				ARCHS = "$(ARCHS_STANDARD_INCLUDING_64_BIT)";
				BUNDLE_LOADER = "$(BUILT_PRODUCTS_DIR)/My Treasure Vault.app/My Treasure Vault";
				FRAMEWORK_SEARCH_PATHS = (
					"$(SDKROOT)/Developer/Library/Frameworks",
					"$(inherited)",
					"$(DEVELOPER_FRAMEWORKS_DIR)",
				);
				GCC_PRECOMPILE_PREFIX_HEADER = YES;
				GCC_PREFIX_HEADER = "My Treasure Vault/My Treasure Vault-Prefix.pch";
				INFOPLIST_FILE = "My Treasure VaultTests/My Treasure VaultTests-Info.plist";
				PRODUCT_NAME = "My Treasure VaultTests";
				TEST_HOST = "$(BUNDLE_LOADER)";
				WRAPPER_EXTENSION = xctest;
			};
			name = Release;
		};
/* End XCBuildConfiguration section */

/* Begin XCConfigurationList section */
		B828F94518B842DF002CE947 /* Build configuration list for PBXProject "My Treasure Vault" */ = {
			isa = XCConfigurationList;
			buildConfigurations = (
				B828F97A18B842E0002CE947 /* Debug */,
				B828F97B18B842E0002CE947 /* Release */,
			);
			defaultConfigurationIsVisible = 0;
			defaultConfigurationName = Release;
		};
		B828F97C18B842E0002CE947 /* Build configuration list for PBXNativeTarget "My Treasure Vault" */ = {
			isa = XCConfigurationList;
			buildConfigurations = (
				B828F97D18B842E0002CE947 /* Debug */,
				B828F97E18B842E0002CE947 /* Release */,
			);
			defaultConfigurationIsVisible = 0;
			defaultConfigurationName = Release;
		};
		B828F97F18B842E0002CE947 /* Build configuration list for PBXNativeTarget "My Treasure VaultTests" */ = {
			isa = XCConfigurationList;
			buildConfigurations = (
				B828F98018B842E0002CE947 /* Debug */,
				B828F98118B842E0002CE947 /* Release */,
			);
			defaultConfigurationIsVisible = 0;
			defaultConfigurationName = Release;
		};
/* End XCConfigurationList section */

/* Begin XCVersionGroup section */
		B828F96118B842E0002CE947 /* My_Treasure_Vault.xcdatamodeld */ = {
			isa = XCVersionGroup;
			children = (
				B828F96218B842E0002CE947 /* My_Treasure_Vault.xcdatamodel */,
			);
			currentVersion = B828F96218B842E0002CE947 /* My_Treasure_Vault.xcdatamodel */;
			path = My_Treasure_Vault.xcdatamodeld;
			sourceTree = "<group>";
			versionGroupType = wrapper.xcdatamodel;
		};
/* End XCVersionGroup section */
	};
	rootObject = B828F94218B842DF002CE947 /* Project object */;
}
